// !$*UTF8*$!
{
	archiveVersion = 1;
	classes = {
	};
	objectVersion = 46;
	objects = {

/* Begin PBXBuildFile section */
		1829F08219C95BCC0083A156 /* main.m in Sources */ = {isa = PBXBuildFile; fileRef = 1829F08119C95BCC0083A156 /* main.m */; };
		1829F08519C95BCC0083A156 /* AppDelegate.m in Sources */ = {isa = PBXBuildFile; fileRef = 1829F08419C95BCC0083A156 /* AppDelegate.m */; };
		1829F08819C95BCC0083A156 /* ViewController.m in Sources */ = {isa = PBXBuildFile; fileRef = 1829F08719C95BCC0083A156 /* ViewController.m */; };
		1829F08B19C95BCC0083A156 /* Main.storyboard in Resources */ = {isa = PBXBuildFile; fileRef = 1829F08919C95BCC0083A156 /* Main.storyboard */; };
		1829F08D19C95BCC0083A156 /* Images.xcassets in Resources */ = {isa = PBXBuildFile; fileRef = 1829F08C19C95BCC0083A156 /* Images.xcassets */; };
		1829F09919C95BCC0083A156 /* iconkit_demoTests.m in Sources */ = {isa = PBXBuildFile; fileRef = 1829F09819C95BCC0083A156 /* iconkit_demoTests.m */; };
		1829F0A819C95BF70083A156 /* Icon.m in Sources */ = {isa = PBXBuildFile; fileRef = 1829F0A419C95BF70083A156 /* Icon.m */; };
		1829F0A919C95BF70083A156 /* IconImageView.m in Sources */ = {isa = PBXBuildFile; fileRef = 1829F0A619C95BF70083A156 /* IconImageView.m */; };
		1829F0AB19C95C2E0083A156 /* fontawesome.ttf in Resources */ = {isa = PBXBuildFile; fileRef = 1829F0AA19C95C2A0083A156 /* fontawesome.ttf */; };
		1829F0AE19C95C9C0083A156 /* UILabel+Iconkit.m in Sources */ = {isa = PBXBuildFile; fileRef = 1829F0AD19C95C9C0083A156 /* UILabel+Iconkit.m */; };
/* End PBXBuildFile section */

/* Begin PBXContainerItemProxy section */
		1829F09319C95BCC0083A156 /* PBXContainerItemProxy */ = {
			isa = PBXContainerItemProxy;
			containerPortal = 1829F07419C95BCC0083A156 /* Project object */;
			proxyType = 1;
			remoteGlobalIDString = 1829F07B19C95BCC0083A156;
			remoteInfo = "iconkit-demo";
		};
/* End PBXContainerItemProxy section */

/* Begin PBXFileReference section */
		1829F07C19C95BCC0083A156 /* iconkit-demo.app */ = {isa = PBXFileReference; explicitFileType = wrapper.application; includeInIndex = 0; path = "iconkit-demo.app"; sourceTree = BUILT_PRODUCTS_DIR; };
		1829F08019C95BCC0083A156 /* Info.plist */ = {isa = PBXFileReference; lastKnownFileType = text.plist.xml; path = Info.plist; sourceTree = "<group>"; };
		1829F08119C95BCC0083A156 /* main.m */ = {isa = PBXFileReference; lastKnownFileType = sourcecode.c.objc; path = main.m; sourceTree = "<group>"; };
		1829F08319C95BCC0083A156 /* AppDelegate.h */ = {isa = PBXFileReference; lastKnownFileType = sourcecode.c.h; path = AppDelegate.h; sourceTree = "<group>"; };
		1829F08419C95BCC0083A156 /* AppDelegate.m */ = {isa = PBXFileReference; lastKnownFileType = sourcecode.c.objc; path = AppDelegate.m; sourceTree = "<group>"; };
		1829F08619C95BCC0083A156 /* ViewController.h */ = {isa = PBXFileReference; lastKnownFileType = sourcecode.c.h; path = ViewController.h; sourceTree = "<group>"; };
		1829F08719C95BCC0083A156 /* ViewController.m */ = {isa = PBXFileReference; lastKnownFileType = sourcecode.c.objc; path = ViewController.m; sourceTree = "<group>"; };
		1829F08A19C95BCC0083A156 /* Base */ = {isa = PBXFileReference; lastKnownFileType = file.storyboard; name = Base; path = Base.lproj/Main.storyboard; sourceTree = "<group>"; };
		1829F08C19C95BCC0083A156 /* Images.xcassets */ = {isa = PBXFileReference; lastKnownFileType = folder.assetcatalog; path = Images.xcassets; sourceTree = "<group>"; };
		1829F09219C95BCC0083A156 /* iconkit-demoTests.xctest */ = {isa = PBXFileReference; explicitFileType = wrapper.cfbundle; includeInIndex = 0; path = "iconkit-demoTests.xctest"; sourceTree = BUILT_PRODUCTS_DIR; };
		1829F09719C95BCC0083A156 /* Info.plist */ = {isa = PBXFileReference; lastKnownFileType = text.plist.xml; path = Info.plist; sourceTree = "<group>"; };
		1829F09819C95BCC0083A156 /* iconkit_demoTests.m */ = {isa = PBXFileReference; lastKnownFileType = sourcecode.c.objc; path = iconkit_demoTests.m; sourceTree = "<group>"; };
		1829F0A319C95BF70083A156 /* Icon.h */ = {isa = PBXFileReference; fileEncoding = 4; lastKnownFileType = sourcecode.c.h; path = Icon.h; sourceTree = "<group>"; };
		1829F0A419C95BF70083A156 /* Icon.m */ = {isa = PBXFileReference; fileEncoding = 4; lastKnownFileType = sourcecode.c.objc; path = Icon.m; sourceTree = "<group>"; };
		1829F0A519C95BF70083A156 /* IconImageView.h */ = {isa = PBXFileReference; fileEncoding = 4; lastKnownFileType = sourcecode.c.h; path = IconImageView.h; sourceTree = "<group>"; };
		1829F0A619C95BF70083A156 /* IconImageView.m */ = {isa = PBXFileReference; fileEncoding = 4; lastKnownFileType = sourcecode.c.objc; path = IconImageView.m; sourceTree = "<group>"; };
		1829F0AA19C95C2A0083A156 /* fontawesome.ttf */ = {isa = PBXFileReference; lastKnownFileType = file; path = fontawesome.ttf; sourceTree = "<group>"; };
		1829F0AC19C95C9C0083A156 /* UILabel+Iconkit.h */ = {isa = PBXFileReference; fileEncoding = 4; lastKnownFileType = sourcecode.c.h; path = "UILabel+Iconkit.h"; sourceTree = "<group>"; };
		1829F0AD19C95C9C0083A156 /* UILabel+Iconkit.m */ = {isa = PBXFileReference; fileEncoding = 4; lastKnownFileType = sourcecode.c.objc; path = "UILabel+Iconkit.m"; sourceTree = "<group>"; };
/* End PBXFileReference section */

/* Begin PBXFrameworksBuildPhase section */
		1829F07919C95BCC0083A156 /* Frameworks */ = {
			isa = PBXFrameworksBuildPhase;
			buildActionMask = 2147483647;
			files = (
			);
			runOnlyForDeploymentPostprocessing = 0;
		};
		1829F08F19C95BCC0083A156 /* Frameworks */ = {
			isa = PBXFrameworksBuildPhase;
			buildActionMask = 2147483647;
			files = (
			);
			runOnlyForDeploymentPostprocessing = 0;
		};
/* End PBXFrameworksBuildPhase section */

/* Begin PBXGroup section */
		1829F07319C95BCC0083A156 = {
			isa = PBXGroup;
			children = (
				1829F0AA19C95C2A0083A156 /* fontawesome.ttf */,
				1829F0A319C95BF70083A156 /* Icon.h */,
				1829F0A419C95BF70083A156 /* Icon.m */,
				1829F0AC19C95C9C0083A156 /* UILabel+Iconkit.h */,
				1829F0AD19C95C9C0083A156 /* UILabel+Iconkit.m */,
				1829F0A519C95BF70083A156 /* IconImageView.h */,
				1829F0A619C95BF70083A156 /* IconImageView.m */,
				1829F07E19C95BCC0083A156 /* iconkit-demo */,
				1829F09519C95BCC0083A156 /* iconkit-demoTests */,
				1829F07D19C95BCC0083A156 /* Products */,
			);
			sourceTree = "<group>";
		};
		1829F07D19C95BCC0083A156 /* Products */ = {
			isa = PBXGroup;
			children = (
				1829F07C19C95BCC0083A156 /* iconkit-demo.app */,
				1829F09219C95BCC0083A156 /* iconkit-demoTests.xctest */,
			);
			name = Products;
			sourceTree = "<group>";
		};
		1829F07E19C95BCC0083A156 /* iconkit-demo */ = {
			isa = PBXGroup;
			children = (
				1829F08319C95BCC0083A156 /* AppDelegate.h */,
				1829F08419C95BCC0083A156 /* AppDelegate.m */,
				1829F08619C95BCC0083A156 /* ViewController.h */,
				1829F08719C95BCC0083A156 /* ViewController.m */,
				1829F08919C95BCC0083A156 /* Main.storyboard */,
				1829F08C19C95BCC0083A156 /* Images.xcassets */,
				1829F07F19C95BCC0083A156 /* Supporting Files */,
			);
			path = "iconkit-demo";
			sourceTree = "<group>";
		};
		1829F07F19C95BCC0083A156 /* Supporting Files */ = {
			isa = PBXGroup;
			children = (
				1829F08019C95BCC0083A156 /* Info.plist */,
				1829F08119C95BCC0083A156 /* main.m */,
			);
			name = "Supporting Files";
			sourceTree = "<group>";
		};
		1829F09519C95BCC0083A156 /* iconkit-demoTests */ = {
			isa = PBXGroup;
			children = (
				1829F09819C95BCC0083A156 /* iconkit_demoTests.m */,
				1829F09619C95BCC0083A156 /* Supporting Files */,
			);
			path = "iconkit-demoTests";
			sourceTree = "<group>";
		};
		1829F09619C95BCC0083A156 /* Supporting Files */ = {
			isa = PBXGroup;
			children = (
				1829F09719C95BCC0083A156 /* Info.plist */,
			);
			name = "Supporting Files";
			sourceTree = "<group>";
		};
/* End PBXGroup section */

/* Begin PBXNativeTarget section */
		1829F07B19C95BCC0083A156 /* iconkit-demo */ = {
			isa = PBXNativeTarget;
			buildConfigurationList = 1829F09C19C95BCC0083A156 /* Build configuration list for PBXNativeTarget "iconkit-demo" */;
			buildPhases = (
				1829F07819C95BCC0083A156 /* Sources */,
				1829F07919C95BCC0083A156 /* Frameworks */,
				1829F07A19C95BCC0083A156 /* Resources */,
			);
			buildRules = (
			);
			dependencies = (
			);
			name = "iconkit-demo";
			productName = "iconkit-demo";
			productReference = 1829F07C19C95BCC0083A156 /* iconkit-demo.app */;
			productType = "com.apple.product-type.application";
		};
		1829F09119C95BCC0083A156 /* iconkit-demoTests */ = {
			isa = PBXNativeTarget;
			buildConfigurationList = 1829F09F19C95BCC0083A156 /* Build configuration list for PBXNativeTarget "iconkit-demoTests" */;
			buildPhases = (
				1829F08E19C95BCC0083A156 /* Sources */,
				1829F08F19C95BCC0083A156 /* Frameworks */,
				1829F09019C95BCC0083A156 /* Resources */,
			);
			buildRules = (
			);
			dependencies = (
				1829F09419C95BCC0083A156 /* PBXTargetDependency */,
			);
			name = "iconkit-demoTests";
			productName = "iconkit-demoTests";
			productReference = 1829F09219C95BCC0083A156 /* iconkit-demoTests.xctest */;
			productType = "com.apple.product-type.bundle.unit-test";
		};
/* End PBXNativeTarget section */

/* Begin PBXProject section */
		1829F07419C95BCC0083A156 /* Project object */ = {
			isa = PBXProject;
			attributes = {
				LastUpgradeCheck = 0600;
				ORGANIZATIONNAME = tank;
				TargetAttributes = {
					1829F07B19C95BCC0083A156 = {
						CreatedOnToolsVersion = 6.0;
					};
					1829F09119C95BCC0083A156 = {
						CreatedOnToolsVersion = 6.0;
						TestTargetID = 1829F07B19C95BCC0083A156;
					};
				};
			};
			buildConfigurationList = 1829F07719C95BCC0083A156 /* Build configuration list for PBXProject "iconkit-demo" */;
			compatibilityVersion = "Xcode 3.2";
			developmentRegion = English;
			hasScannedForEncodings = 0;
			knownRegions = (
				en,
				Base,
			);
			mainGroup = 1829F07319C95BCC0083A156;
			productRefGroup = 1829F07D19C95BCC0083A156 /* Products */;
			projectDirPath = "";
			projectRoot = "";
			targets = (
				1829F07B19C95BCC0083A156 /* iconkit-demo */,
				1829F09119C95BCC0083A156 /* iconkit-demoTests */,
			);
		};
/* End PBXProject section */

/* Begin PBXResourcesBuildPhase section */
		1829F07A19C95BCC0083A156 /* Resources */ = {
			isa = PBXResourcesBuildPhase;
			buildActionMask = 2147483647;
			files = (
				1829F0AB19C95C2E0083A156 /* fontawesome.ttf in Resources */,
				1829F08B19C95BCC0083A156 /* Main.storyboard in Resources */,
				1829F08D19C95BCC0083A156 /* Images.xcassets in Resources */,
			);
			runOnlyForDeploymentPostprocessing = 0;
		};
		1829F09019C95BCC0083A156 /* Resources */ = {
			isa = PBXResourcesBuildPhase;
			buildActionMask = 2147483647;
			files = (
			);
			runOnlyForDeploymentPostprocessing = 0;
		};
/* End PBXResourcesBuildPhase section */

/* Begin PBXSourcesBuildPhase section */
		1829F07819C95BCC0083A156 /* Sources */ = {
			isa = PBXSourcesBuildPhase;
			buildActionMask = 2147483647;
			files = (
				1829F08819C95BCC0083A156 /* ViewController.m in Sources */,
				1829F08519C95BCC0083A156 /* AppDelegate.m in Sources */,
				1829F0AE19C95C9C0083A156 /* UILabel+Iconkit.m in Sources */,
				1829F0A819C95BF70083A156 /* Icon.m in Sources */,
				1829F08219C95BCC0083A156 /* main.m in Sources */,
				1829F0A919C95BF70083A156 /* IconImageView.m in Sources */,
			);
			runOnlyForDeploymentPostprocessing = 0;
		};
		1829F08E19C95BCC0083A156 /* Sources */ = {
			isa = PBXSourcesBuildPhase;
			buildActionMask = 2147483647;
			files = (
				1829F09919C95BCC0083A156 /* iconkit_demoTests.m in Sources */,
			);
			runOnlyForDeploymentPostprocessing = 0;
		};
/* End PBXSourcesBuildPhase section */

/* Begin PBXTargetDependency section */
		1829F09419C95BCC0083A156 /* PBXTargetDependency */ = {
			isa = PBXTargetDependency;
			target = 1829F07B19C95BCC0083A156 /* iconkit-demo */;
			targetProxy = 1829F09319C95BCC0083A156 /* PBXContainerItemProxy */;
		};
/* End PBXTargetDependency section */

/* Begin PBXVariantGroup section */
		1829F08919C95BCC0083A156 /* Main.storyboard */ = {
			isa = PBXVariantGroup;
			children = (
				1829F08A19C95BCC0083A156 /* Base */,
			);
			name = Main.storyboard;
			sourceTree = "<group>";
		};
/* End PBXVariantGroup section */

/* Begin XCBuildConfiguration section */
		1829F09A19C95BCC0083A156 /* Debug */ = {
			isa = XCBuildConfiguration;
			buildSettings = {
				ALWAYS_SEARCH_USER_PATHS = NO;
				CLANG_CXX_LANGUAGE_STANDARD = "gnu++0x";
				CLANG_CXX_LIBRARY = "libc++";
				CLANG_ENABLE_MODULES = YES;
				CLANG_ENABLE_OBJC_ARC = YES;
				CLANG_WARN_BOOL_CONVERSION = YES;
				CLANG_WARN_CONSTANT_CONVERSION = YES;
				CLANG_WARN_DIRECT_OBJC_ISA_USAGE = YES_ERROR;
				CLANG_WARN_EMPTY_BODY = YES;
				CLANG_WARN_ENUM_CONVERSION = YES;
				CLANG_WARN_INT_CONVERSION = YES;
				CLANG_WARN_OBJC_ROOT_CLASS = YES_ERROR;
				CLANG_WARN_UNREACHABLE_CODE = YES;
				CLANG_WARN__DUPLICATE_METHOD_MATCH = YES;
				"CODE_SIGN_IDENTITY[sdk=iphoneos*]" = "iPhone Developer";
				COPY_PHASE_STRIP = NO;
				ENABLE_STRICT_OBJC_MSGSEND = YES;
				GCC_C_LANGUAGE_STANDARD = gnu99;
				GCC_DYNAMIC_NO_PIC = NO;
				GCC_OPTIMIZATION_LEVEL = 0;
				GCC_PREPROCESSOR_DEFINITIONS = (
					"DEBUG=1",
					"$(inherited)",
				);
				GCC_SYMBOLS_PRIVATE_EXTERN = NO;
				GCC_WARN_64_TO_32_BIT_CONVERSION = YES;
				GCC_WARN_ABOUT_RETURN_TYPE = YES_ERROR;
				GCC_WARN_UNDECLARED_SELECTOR = YES;
				GCC_WARN_UNINITIALIZED_AUTOS = YES_AGGRESSIVE;
				GCC_WARN_UNUSED_FUNCTION = YES;
				GCC_WARN_UNUSED_VARIABLE = YES;
				IPHONEOS_DEPLOYMENT_TARGET = 6.0;
				MTL_ENABLE_DEBUG_INFO = YES;
				ONLY_ACTIVE_ARCH = YES;
				SDKROOT = iphoneos;
			};
			name = Debug;
		};
		1829F09B19C95BCC0083A156 /* Release */ = {
			isa = XCBuildConfiguration;
			buildSettings = {
				ALWAYS_SEARCH_USER_PATHS = NO;
				CLANG_CXX_LANGUAGE_STANDARD = "gnu++0x";
				CLANG_CXX_LIBRARY = "libc++";
				CLANG_ENABLE_MODULES = YES;
				CLANG_ENABLE_OBJC_ARC = YES;
				CLANG_WARN_BOOL_CONVERSION = YES;
				CLANG_WARN_CONSTANT_CONVERSION = YES;
				CLANG_WARN_DIRECT_OBJC_ISA_USAGE = YES_ERROR;
				CLANG_WARN_EMPTY_BODY = YES;
				CLANG_WARN_ENUM_CONVERSION = YES;
				CLANG_WARN_INT_CONVERSION = YES;
				CLANG_WARN_OBJC_ROOT_CLASS = YES_ERROR;
				CLANG_WARN_UNREACHABLE_CODE = YES;
				CLANG_WARN__DUPLICATE_METHOD_MATCH = YES;
				"CODE_SIGN_IDENTITY[sdk=iphoneos*]" = "iPhone Developer";
				COPY_PHASE_STRIP = YES;
				ENABLE_NS_ASSERTIONS = NO;
				ENABLE_STRICT_OBJC_MSGSEND = YES;
				GCC_C_LANGUAGE_STANDARD = gnu99;
				GCC_WARN_64_TO_32_BIT_CONVERSION = YES;
				GCC_WARN_ABOUT_RETURN_TYPE = YES_ERROR;
				GCC_WARN_UNDECLARED_SELECTOR = YES;
				GCC_WARN_UNINITIALIZED_AUTOS = YES_AGGRESSIVE;
				GCC_WARN_UNUSED_FUNCTION = YES;
				GCC_WARN_UNUSED_VARIABLE = YES;
				IPHONEOS_DEPLOYMENT_TARGET = 6.0;
				MTL_ENABLE_DEBUG_INFO = NO;
				SDKROOT = iphoneos;
				VALIDATE_PRODUCT = YES;
			};
			name = Release;
		};
		1829F09D19C95BCC0083A156 /* Debug */ = {
			isa = XCBuildConfiguration;
			buildSettings = {
				ASSETCATALOG_COMPILER_APPICON_NAME = AppIcon;
				ASSETCATALOG_COMPILER_LAUNCHIMAGE_NAME = LaunchImage;
				INFOPLIST_FILE = "iconkit-demo/Info.plist";
				LD_RUNPATH_SEARCH_PATHS = "$(inherited) @executable_path/Frameworks";
				PRODUCT_NAME = "$(TARGET_NAME)";
			};
			name = Debug;
		};
		1829F09E19C95BCC0083A156 /* Release */ = {
			isa = XCBuildConfiguration;
			buildSettings = {
				ASSETCATALOG_COMPILER_APPICON_NAME = AppIcon;
				ASSETCATALOG_COMPILER_LAUNCHIMAGE_NAME = LaunchImage;
				INFOPLIST_FILE = "iconkit-demo/Info.plist";
				LD_RUNPATH_SEARCH_PATHS = "$(inherited) @executable_path/Frameworks";
				PRODUCT_NAME = "$(TARGET_NAME)";
			};
			name = Release;
		};
		1829F0A019C95BCC0083A156 /* Debug */ = {
			isa = XCBuildConfiguration;
			buildSettings = {
				BUNDLE_LOADER = "$(BUILT_PRODUCTS_DIR)/iconkit-demo.app/iconkit-demo";
				FRAMEWORK_SEARCH_PATHS = (
					"$(SDKROOT)/Developer/Library/Frameworks",
					"$(inherited)",
				);
				GCC_PREPROCESSOR_DEFINITIONS = (
					"DEBUG=1",
					"$(inherited)",
				);
				INFOPLIST_FILE = "iconkit-demoTests/Info.plist";
				LD_RUNPATH_SEARCH_PATHS = "$(inherited) @executable_path/Frameworks @loader_path/Frameworks";
				PRODUCT_NAME = "$(TARGET_NAME)";
				TEST_HOST = "$(BUNDLE_LOADER)";
			};
			name = Debug;
		};
		1829F0A119C95BCC0083A156 /* Release */ = {
			isa = XCBuildConfiguration;
			buildSettings = {
				BUNDLE_LOADER = "$(BUILT_PRODUCTS_DIR)/iconkit-demo.app/iconkit-demo";
				FRAMEWORK_SEARCH_PATHS = (
					"$(SDKROOT)/Developer/Library/Frameworks",
					"$(inherited)",
				);
				INFOPLIST_FILE = "iconkit-demoTests/Info.plist";
				LD_RUNPATH_SEARCH_PATHS = "$(inherited) @executable_path/Frameworks @loader_path/Frameworks";
				PRODUCT_NAME = "$(TARGET_NAME)";
				TEST_HOST = "$(BUNDLE_LOADER)";
			};
			name = Release;
		};
/* End XCBuildConfiguration section */

/* Begin XCConfigurationList section */
		1829F07719C95BCC0083A156 /* Build configuration list for PBXProject "iconkit-demo" */ = {
			isa = XCConfigurationList;
			buildConfigurations = (
				1829F09A19C95BCC0083A156 /* Debug */,
				1829F09B19C95BCC0083A156 /* Release */,
			);
			defaultConfigurationIsVisible = 0;
			defaultConfigurationName = Release;
		};
		1829F09C19C95BCC0083A156 /* Build configuration list for PBXNativeTarget "iconkit-demo" */ = {
			isa = XCConfigurationList;
			buildConfigurations = (
				1829F09D19C95BCC0083A156 /* Debug */,
				1829F09E19C95BCC0083A156 /* Release */,
			);
			defaultConfigurationIsVisible = 0;
		};
		1829F09F19C95BCC0083A156 /* Build configuration list for PBXNativeTarget "iconkit-demoTests" */ = {
			isa = XCConfigurationList;
			buildConfigurations = (
				1829F0A019C95BCC0083A156 /* Debug */,
				1829F0A119C95BCC0083A156 /* Release */,
			);
			defaultConfigurationIsVisible = 0;
		};
/* End XCConfigurationList section */
	};
	rootObject = 1829F07419C95BCC0083A156 /* Project object */;
}
